
Microsoft Visual Studio Solution File, Format Version 12.00
# Visual Studio Version 17
VisualStudioVersion = 17.5.33530.505
MinimumVisualStudioVersion = 10.0.40219.1
Project("{FAE04EC0-301F-11D3-BF4B-00C04F79EFBC}") = "UTEHY.DatabaseCoursePortal.Api", "UTEHY.DatabaseCoursePortal.Api\UTEHY.DatabaseCoursePortal.Api.csproj", "{040075DD-A9F6-4249-8463-F77283D7413D}"
EndProject
Global
	GlobalSection(SolutionConfigurationPlatforms) = preSolution
		Debug|Any CPU = Debug|Any CPU
		Release|Any CPU = Release|Any CPU
	EndGlobalSection
	GlobalSection(ProjectConfigurationPlatforms) = postSolution
		{040075DD-A9F6-4249-8463-F77283D7413D}.Debug|Any CPU.ActiveCfg = Debug|Any CPU
		{040075DD-A9F6-4249-8463-F77283D7413D}.Debug|Any CPU.Build.0 = Debug|Any CPU
		{040075DD-A9F6-4249-8463-F77283D7413D}.Release|Any CPU.ActiveCfg = Release|Any CPU
		{040075DD-A9F6-4249-8463-F77283D7413D}.Release|Any CPU.Build.0 = Release|Any CPU
	EndGlobalSection
	GlobalSection(SolutionProperties) = preSolution
		HideSolutionNode = FALSE
	EndGlobalSection
	GlobalSection(ExtensibilityGlobals) = postSolution
		SolutionGuid = {760DA05F-BF54-44AD-BBC0-27DE03EE6904}
	EndGlobalSection
EndGlobal
